// !$*UTF8*$!
{
	archiveVersion = 1;
	classes = {
	};
	objectVersion = 46;
	objects = {

/* Begin PBXBuildFile section */
		E0062E011F2C84D600D94CF2 /* AppDelegate.swift in Sources */ = {isa = PBXBuildFile; fileRef = E0062E001F2C84D600D94CF2 /* AppDelegate.swift */; };
		E0062E031F2C84D600D94CF2 /* ViewController.swift in Sources */ = {isa = PBXBuildFile; fileRef = E0062E021F2C84D600D94CF2 /* ViewController.swift */; };
		E0062E061F2C84D600D94CF2 /* Main.storyboard in Resources */ = {isa = PBXBuildFile; fileRef = E0062E041F2C84D600D94CF2 /* Main.storyboard */; };
		E0062E081F2C84D600D94CF2 /* Assets.xcassets in Resources */ = {isa = PBXBuildFile; fileRef = E0062E071F2C84D600D94CF2 /* Assets.xcassets */; };
		E0062E0B1F2C84D600D94CF2 /* LaunchScreen.storyboard in Resources */ = {isa = PBXBuildFile; fileRef = E0062E091F2C84D600D94CF2 /* LaunchScreen.storyboard */; };
/* End PBXBuildFile section */

/* Begin PBXFileReference section */
		E0062DFD1F2C84D600D94CF2 /* ScrollThePage.app */ = {isa = PBXFileReference; explicitFileType = wrapper.application; includeInIndex = 0; path = ScrollThePage.app; sourceTree = BUILT_PRODUCTS_DIR; };
		E0062E001F2C84D600D94CF2 /* AppDelegate.swift */ = {isa = PBXFileReference; lastKnownFileType = sourcecode.swift; path = AppDelegate.swift; sourceTree = "<group>"; };
		E0062E021F2C84D600D94CF2 /* ViewController.swift */ = {isa = PBXFileReference; lastKnownFileType = sourcecode.swift; path = ViewController.swift; sourceTree = "<group>"; };
		E0062E051F2C84D600D94CF2 /* Base */ = {isa = PBXFileReference; lastKnownFileType = file.storyboard; name = Base; path = Base.lproj/Main.storyboard; sourceTree = "<group>"; };
		E0062E071F2C84D600D94CF2 /* Assets.xcassets */ = {isa = PBXFileReference; lastKnownFileType = folder.assetcatalog; path = Assets.xcassets; sourceTree = "<group>"; };
		E0062E0A1F2C84D600D94CF2 /* Base */ = {isa = PBXFileReference; lastKnownFileType = file.storyboard; name = Base; path = Base.lproj/LaunchScreen.storyboard; sourceTree = "<group>"; };
		E0062E0C1F2C84D600D94CF2 /* Info.plist */ = {isa = PBXFileReference; lastKnownFileType = text.plist.xml; path = Info.plist; sourceTree = "<group>"; };
/* End PBXFileReference section */

/* Begin PBXFrameworksBuildPhase section */
		E0062DFA1F2C84D600D94CF2 /* Frameworks */ = {
			isa = PBXFrameworksBuildPhase;
			buildActionMask = 2147483647;
			files = (
			);
			runOnlyForDeploymentPostprocessing = 0;
		};
/* End PBXFrameworksBuildPhase section */

/* Begin PBXGroup section */
		E0062DF41F2C84D600D94CF2 = {
			isa = PBXGroup;
			children = (
				E0062DFF1F2C84D600D94CF2 /* ScrollThePage */,
				E0062DFE1F2C84D600D94CF2 /* Products */,
			);
			sourceTree = "<group>";
		};
		E0062DFE1F2C84D600D94CF2 /* Products */ = {
			isa = PBXGroup;
			children = (
				E0062DFD1F2C84D600D94CF2 /* ScrollThePage.app */,
			);
			name = Products;
			sourceTree = "<group>";
		};
		E0062DFF1F2C84D600D94CF2 /* ScrollThePage */ = {
			isa = PBXGroup;
			children = (
				E0062E001F2C84D600D94CF2 /* AppDelegate.swift */,
				E0062E021F2C84D600D94CF2 /* ViewController.swift */,
				E0062E041F2C84D600D94CF2 /* Main.storyboard */,
				E0062E071F2C84D600D94CF2 /* Assets.xcassets */,
				E0062E091F2C84D600D94CF2 /* LaunchScreen.storyboard */,
				E0062E0C1F2C84D600D94CF2 /* Info.plist */,
			);
			path = ScrollThePage;
			sourceTree = "<group>";
		};
/* End PBXGroup section */

/* Begin PBXNativeTarget section */
		E0062DFC1F2C84D600D94CF2 /* ScrollThePage */ = {
			isa = PBXNativeTarget;
			buildConfigurationList = E0062E0F1F2C84D600D94CF2 /* Build configuration list for PBXNativeTarget "ScrollThePage" */;
			buildPhases = (
				E0062DF91F2C84D600D94CF2 /* Sources */,
				E0062DFA1F2C84D600D94CF2 /* Frameworks */,
				E0062DFB1F2C84D600D94CF2 /* Resources */,
			);
			buildRules = (
			);
			dependencies = (
			);
			name = ScrollThePage;
			productName = ScrollThePage;
			productReference = E0062DFD1F2C84D600D94CF2 /* ScrollThePage.app */;
			productType = "com.apple.product-type.application";
		};
/* End PBXNativeTarget section */

/* Begin PBXProject section */
		E0062DF51F2C84D600D94CF2 /* Project object */ = {
			isa = PBXProject;
			attributes = {
				LastSwiftUpdateCheck = 0820;
				LastUpgradeCheck = 0820;
				ORGANIZATIONNAME = "Akshat Gupta";
				TargetAttributes = {
					E0062DFC1F2C84D600D94CF2 = {
						CreatedOnToolsVersion = 8.2.1;
						ProvisioningStyle = Automatic;
					};
				};
			};
			buildConfigurationList = E0062DF81F2C84D600D94CF2 /* Build configuration list for PBXProject "ScrollThePage" */;
			compatibilityVersion = "Xcode 3.2";
			developmentRegion = English;
			hasScannedForEncodings = 0;
			knownRegions = (
				en,
				Base,
			);
			mainGroup = E0062DF41F2C84D600D94CF2;
			productRefGroup = E0062DFE1F2C84D600D94CF2 /* Products */;
			projectDirPath = "";
			projectRoot = "";
			targets = (
				E0062DFC1F2C84D600D94CF2 /* ScrollThePage */,
			);
		};
/* End PBXProject section */

/* Begin PBXResourcesBuildPhase section */
		E0062DFB1F2C84D600D94CF2 /* Resources */ = {
			isa = PBXResourcesBuildPhase;
			buildActionMask = 2147483647;
			files = (
				E0062E0B1F2C84D600D94CF2 /* LaunchScreen.storyboard in Resources */,
				E0062E081F2C84D600D94CF2 /* Assets.xcassets in Resources */,
				E0062E061F2C84D600D94CF2 /* Main.storyboard in Resources */,
			);
			runOnlyForDeploymentPostprocessing = 0;
		};
/* End PBXResourcesBuildPhase section */

/* Begin PBXSourcesBuildPhase section */
		E0062DF91F2C84D600D94CF2 /* Sources */ = {
			isa = PBXSourcesBuildPhase;
			buildActionMask = 2147483647;
			files = (
				E0062E031F2C84D600D94CF2 /* ViewController.swift in Sources */,
				E0062E011F2C84D600D94CF2 /* AppDelegate.swift in Sources */,
			);
			runOnlyForDeploymentPostprocessing = 0;
		};
/* End PBXSourcesBuildPhase section */

/* Begin PBXVariantGroup section */
		E0062E041F2C84D600D94CF2 /* Main.storyboard */ = {
			isa = PBXVariantGroup;
			children = (
				E0062E051F2C84D600D94CF2 /* Base */,
			);
			name = Main.storyboard;
			sourceTree = "<group>";
		};
		E0062E091F2C84D600D94CF2 /* LaunchScreen.storyboard */ = {
			isa = PBXVariantGroup;
			children = (
				E0062E0A1F2C84D600D94CF2 /* Base */,
			);
			name = LaunchScreen.storyboard;
			sourceTree = "<group>";
		};
/* End PBXVariantGroup section */

/* Begin XCBuildConfiguration section */
		E0062E0D1F2C84D600D94CF2 /* Debug */ = {
			isa = XCBuildConfiguration;
			buildSettings = {
				ALWAYS_SEARCH_USER_PATHS = NO;
				CLANG_ANALYZER_NONNULL = YES;
				CLANG_CXX_LANGUAGE_STANDARD = "gnu++0x";
				CLANG_CXX_LIBRARY = "libc++";
				CLANG_ENABLE_MODULES = YES;
				CLANG_ENABLE_OBJC_ARC = YES;
				CLANG_WARN_BOOL_CONVERSION = YES;
				CLANG_WARN_CONSTANT_CONVERSION = YES;
				CLANG_WARN_DIRECT_OBJC_ISA_USAGE = YES_ERROR;
				CLANG_WARN_DOCUMENTATION_COMMENTS = YES;
				CLANG_WARN_EMPTY_BODY = YES;
				CLANG_WARN_ENUM_CONVERSION = YES;
				CLANG_WARN_INFINITE_RECURSION = YES;
				CLANG_WARN_INT_CONVERSION = YES;
				CLANG_WARN_OBJC_ROOT_CLASS = YES_ERROR;
				CLANG_WARN_SUSPICIOUS_MOVE = YES;
				CLANG_WARN_UNREACHABLE_CODE = YES;
				CLANG_WARN__DUPLICATE_METHOD_MATCH = YES;
				"CODE_SIGN_IDENTITY[sdk=iphoneos*]" = "iPhone Developer";
				COPY_PHASE_STRIP = NO;
				DEBUG_INFORMATION_FORMAT = dwarf;
				ENABLE_STRICT_OBJC_MSGSEND = YES;
				ENABLE_TESTABILITY = YES;
				GCC_C_LANGUAGE_STANDARD = gnu99;
				GCC_DYNAMIC_NO_PIC = NO;
				GCC_NO_COMMON_BLOCKS = YES;
				GCC_OPTIMIZATION_LEVEL = 0;
				GCC_PREPROCESSOR_DEFINITIONS = (
					"DEBUG=1",
					"$(inherited)",
				);
				GCC_WARN_64_TO_32_BIT_CONVERSION = YES;
				GCC_WARN_ABOUT_RETURN_TYPE = YES_ERROR;
				GCC_WARN_UNDECLARED_SELECTOR = YES;
				GCC_WARN_UNINITIALIZED_AUTOS = YES_AGGRESSIVE;
				GCC_WARN_UNUSED_FUNCTION = YES;
				GCC_WARN_UNUSED_VARIABLE = YES;
				IPHONEOS_DEPLOYMENT_TARGET = 10.2;
				MTL_ENABLE_DEBUG_INFO = YES;
				ONLY_ACTIVE_ARCH = YES;
				SDKROOT = iphoneos;
				SWIFT_ACTIVE_COMPILATION_CONDITIONS = DEBUG;
				SWIFT_OPTIMIZATION_LEVEL = "-Onone";
				TARGETED_DEVICE_FAMILY = "1,2";
			};
			name = Debug;
		};
		E0062E0E1F2C84D600D94CF2 /* Release */ = {
			isa = XCBuildConfiguration;
			buildSettings = {
				ALWAYS_SEARCH_USER_PATHS = NO;
				CLANG_ANALYZER_NONNULL = YES;
				CLANG_CXX_LANGUAGE_STANDARD = "gnu++0x";
				CLANG_CXX_LIBRARY = "libc++";
				CLANG_ENABLE_MODULES = YES;
				CLANG_ENABLE_OBJC_ARC = YES;
				CLANG_WARN_BOOL_CONVERSION = YES;
				CLANG_WARN_CONSTANT_CONVERSION = YES;
				CLANG_WARN_DIRECT_OBJC_ISA_USAGE = YES_ERROR;
				CLANG_WARN_DOCUMENTATION_COMMENTS = YES;
				CLANG_WARN_EMPTY_BODY = YES;
				CLANG_WARN_ENUM_CONVERSION = YES;
				CLANG_WARN_INFINITE_RECURSION = YES;
				CLANG_WARN_INT_CONVERSION = YES;
				CLANG_WARN_OBJC_ROOT_CLASS = YES_ERROR;
				CLANG_WARN_SUSPICIOUS_MOVE = YES;
				CLANG_WARN_UNREACHABLE_CODE = YES;
				CLANG_WARN__DUPLICATE_METHOD_MATCH = YES;
				"CODE_SIGN_IDENTITY[sdk=iphoneos*]" = "iPhone Developer";
				COPY_PHASE_STRIP = NO;
				DEBUG_INFORMATION_FORMAT = "dwarf-with-dsym";
				ENABLE_NS_ASSERTIONS = NO;
				ENABLE_STRICT_OBJC_MSGSEND = YES;
				GCC_C_LANGUAGE_STANDARD = gnu99;
				GCC_NO_COMMON_BLOCKS = YES;
				GCC_WARN_64_TO_32_BIT_CONVERSION = YES;
				GCC_WARN_ABOUT_RETURN_TYPE = YES_ERROR;
				GCC_WARN_UNDECLARED_SELECTOR = YES;
				GCC_WARN_UNINITIALIZED_AUTOS = YES_AGGRESSIVE;
				GCC_WARN_UNUSED_FUNCTION = YES;
				GCC_WARN_UNUSED_VARIABLE = YES;
				IPHONEOS_DEPLOYMENT_TARGET = 10.2;
				MTL_ENABLE_DEBUG_INFO = NO;
				SDKROOT = iphoneos;
				SWIFT_OPTIMIZATION_LEVEL = "-Owholemodule";
				TARGETED_DEVICE_FAMILY = "1,2";
				VALIDATE_PRODUCT = YES;
			};
			name = Release;
		};
		E0062E101F2C84D600D94CF2 /* Debug */ = {
			isa = XCBuildConfiguration;
			buildSettings = {
				ASSETCATALOG_COMPILER_APPICON_NAME = AppIcon;
				INFOPLIST_FILE = ScrollThePage/Info.plist;
				LD_RUNPATH_SEARCH_PATHS = "$(inherited) @executable_path/Frameworks";
				PRODUCT_BUNDLE_IDENTIFIER = coded.ScrollThePage;
				PRODUCT_NAME = "$(TARGET_NAME)";
				SWIFT_VERSION = 3.0;
			};
			name = Debug;
		};
		E0062E111F2C84D600D94CF2 /* Release */ = {
			isa = XCBuildConfiguration;
			buildSettings = {
				ASSETCATALOG_COMPILER_APPICON_NAME = AppIcon;
				INFOPLIST_FILE = ScrollThePage/Info.plist;
				LD_RUNPATH_SEARCH_PATHS = "$(inherited) @executable_path/Frameworks";
				PRODUCT_BUNDLE_IDENTIFIER = coded.ScrollThePage;
				PRODUCT_NAME = "$(TARGET_NAME)";
				SWIFT_VERSION = 3.0;
			};
			name = Release;
		};
/* End XCBuildConfiguration section */

/* Begin XCConfigurationList section */
		E0062DF81F2C84D600D94CF2 /* Build configuration list for PBXProject "ScrollThePage" */ = {
			isa = XCConfigurationList;
			buildConfigurations = (
				E0062E0D1F2C84D600D94CF2 /* Debug */,
				E0062E0E1F2C84D600D94CF2 /* Release */,
			);
			defaultConfigurationIsVisible = 0;
			defaultConfigurationName = Release;
		};
		E0062E0F1F2C84D600D94CF2 /* Build configuration list for PBXNativeTarget "ScrollThePage" */ = {
			isa = XCConfigurationList;
			buildConfigurations = (
				E0062E101F2C84D600D94CF2 /* Debug */,
				E0062E111F2C84D600D94CF2 /* Release */,
			);
			defaultConfigurationIsVisible = 0;
		};
/* End XCConfigurationList section */
	};
	rootObject = E0062DF51F2C84D600D94CF2 /* Project object */;
}
